dependencies:
- name: regions
  repository: oci://ghcr.io/formancehq/helm
  version: 3.7.2
- name: strimzi-kafka-operator
  repository: oci://quay.io/strimzi-helm
  version: 0.50.0
digest: sha256:9519a4dbe026330d6ee8f64fbd471a4aac3fb171e93d454ccf94d723a4b1f578
generated: "2026-02-20T18:36:15.052047881+01:00"
